
Microsoft Visual Studio Solution File, Format Version 12.00
# Visual Studio Version 16
VisualStudioVersion = 16.0.29230.47
MinimumVisualStudioVersion = 10.0.40219.1
Project("{FAE04EC0-301F-11D3-BF4B-00C04F79EFBC}") = "SalesPerson", "SalesPerson\SalesPerson.csproj", "{26197170-9305-4F0A-A150-ECE4EBAA948A}"
EndProject
Project("{FAE04EC0-301F-11D3-BF4B-00C04F79EFBC}") = "SalesPerson.DataAccessLayer", "SalesPerson.DataAccessLayer\SalesPerson.DataAccessLayer.csproj", "{9457DAEB-790A-4247-829E-FC1CFF83107E}"
EndProject
Project("{FAE04EC0-301F-11D3-BF4B-00C04F79EFBC}") = "SalesPerson.BussinessLayer", "SalesPerson.BussinessLayer\SalesPerson.BussinessLayer.csproj", "{21A15DCC-D6DB-416E-BE30-F16AB3C1BC0E}"
EndProject
Project("{FAE04EC0-301F-11D3-BF4B-00C04F79EFBC}") = "SalesPerson.Entities", "SalesPerson.Entities\SalesPerson.Entities.csproj", "{F7213539-1EA8-4D82-A885-C74B74C27482}"
EndProject
Project("{FAE04EC0-301F-11D3-BF4B-00C04F79EFBC}") = "SalesPerson.Exceptions", "SalesPerson.Exceptions\SalesPerson.Exceptions.csproj", "{8E28C810-EF30-4282-9C7D-3FEDC352BAD8}"
EndProject
Global
	GlobalSection(SolutionConfigurationPlatforms) = preSolution
		Debug|Any CPU = Debug|Any CPU
		Release|Any CPU = Release|Any CPU
	EndGlobalSection
	GlobalSection(ProjectConfigurationPlatforms) = postSolution
		{26197170-9305-4F0A-A150-ECE4EBAA948A}.Debug|Any CPU.ActiveCfg = Debug|Any CPU
		{26197170-9305-4F0A-A150-ECE4EBAA948A}.Debug|Any CPU.Build.0 = Debug|Any CPU
		{26197170-9305-4F0A-A150-ECE4EBAA948A}.Release|Any CPU.ActiveCfg = Release|Any CPU
		{26197170-9305-4F0A-A150-ECE4EBAA948A}.Release|Any CPU.Build.0 = Release|Any CPU
		{9457DAEB-790A-4247-829E-FC1CFF83107E}.Debug|Any CPU.ActiveCfg = Debug|Any CPU
		{9457DAEB-790A-4247-829E-FC1CFF83107E}.Debug|Any CPU.Build.0 = Debug|Any CPU
		{9457DAEB-790A-4247-829E-FC1CFF83107E}.Release|Any CPU.ActiveCfg = Release|Any CPU
		{9457DAEB-790A-4247-829E-FC1CFF83107E}.Release|Any CPU.Build.0 = Release|Any CPU
		{21A15DCC-D6DB-416E-BE30-F16AB3C1BC0E}.Debug|Any CPU.ActiveCfg = Debug|Any CPU
		{21A15DCC-D6DB-416E-BE30-F16AB3C1BC0E}.Debug|Any CPU.Build.0 = Debug|Any CPU
		{21A15DCC-D6DB-416E-BE30-F16AB3C1BC0E}.Release|Any CPU.ActiveCfg = Release|Any CPU
		{21A15DCC-D6DB-416E-BE30-F16AB3C1BC0E}.Release|Any CPU.Build.0 = Release|Any CPU
		{F7213539-1EA8-4D82-A885-C74B74C27482}.Debug|Any CPU.ActiveCfg = Debug|Any CPU
		{F7213539-1EA8-4D82-A885-C74B74C27482}.Debug|Any CPU.Build.0 = Debug|Any CPU
		{F7213539-1EA8-4D82-A885-C74B74C27482}.Release|Any CPU.ActiveCfg = Release|Any CPU
		{F7213539-1EA8-4D82-A885-C74B74C27482}.Release|Any CPU.Build.0 = Release|Any CPU
		{8E28C810-EF30-4282-9C7D-3FEDC352BAD8}.Debug|Any CPU.ActiveCfg = Debug|Any CPU
		{8E28C810-EF30-4282-9C7D-3FEDC352BAD8}.Debug|Any CPU.Build.0 = Debug|Any CPU
		{8E28C810-EF30-4282-9C7D-3FEDC352BAD8}.Release|Any CPU.ActiveCfg = Release|Any CPU
		{8E28C810-EF30-4282-9C7D-3FEDC352BAD8}.Release|Any CPU.Build.0 = Release|Any CPU
	EndGlobalSection
	GlobalSection(SolutionProperties) = preSolution
		HideSolutionNode = FALSE
	EndGlobalSection
	GlobalSection(ExtensibilityGlobals) = postSolution
		SolutionGuid = {7C2F79AA-16B7-4D2D-AEEA-E70127A87CDA}
	EndGlobalSection
EndGlobal
